
Microsoft Visual Studio Solution File, Format Version 12.00
# Visual Studio 15
Project("{FAE04EC0-301F-11D3-BF4B-00C04F79EFBC}") = "Assembly-CSharp", "Assembly-CSharp.csproj", "{868C6C15-37D6-FB32-90C9-6787B2CE59E2}"
EndProject
Project("{FAE04EC0-301F-11D3-BF4B-00C04F79EFBC}") = "Assembly-CSharp-firstpass", "Assembly-CSharp-firstpass.csproj", "{A4762286-6D61-3BA5-29B8-22C7A569FE4C}"
EndProject
Project("{FAE04EC0-301F-11D3-BF4B-00C04F79EFBC}") = "Assembly-CSharp-Editor", "Assembly-CSharp-Editor.csproj", "{1CC092F9-9975-F12E-ACD5-FB54324225AB}"
EndProject
Global
	GlobalSection(SolutionConfigurationPlatforms) = preSolution
		Debug|Any CPU = Debug|Any CPU
		Release|Any CPU = Release|Any CPU
	EndGlobalSection
	GlobalSection(ProjectConfigurationPlatforms) = postSolution
		{868C6C15-37D6-FB32-90C9-6787B2CE59E2}.Debug|Any CPU.ActiveCfg = Debug|Any CPU
		{868C6C15-37D6-FB32-90C9-6787B2CE59E2}.Debug|Any CPU.Build.0 = Debug|Any CPU
		{868C6C15-37D6-FB32-90C9-6787B2CE59E2}.Release|Any CPU.ActiveCfg = Release|Any CPU
		{868C6C15-37D6-FB32-90C9-6787B2CE59E2}.Release|Any CPU.Build.0 = Release|Any CPU
		{A4762286-6D61-3BA5-29B8-22C7A569FE4C}.Debug|Any CPU.ActiveCfg = Debug|Any CPU
		{A4762286-6D61-3BA5-29B8-22C7A569FE4C}.Debug|Any CPU.Build.0 = Debug|Any CPU
		{A4762286-6D61-3BA5-29B8-22C7A569FE4C}.Release|Any CPU.ActiveCfg = Release|Any CPU
		{A4762286-6D61-3BA5-29B8-22C7A569FE4C}.Release|Any CPU.Build.0 = Release|Any CPU
		{1CC092F9-9975-F12E-ACD5-FB54324225AB}.Debug|Any CPU.ActiveCfg = Debug|Any CPU
		{1CC092F9-9975-F12E-ACD5-FB54324225AB}.Debug|Any CPU.Build.0 = Debug|Any CPU
		{1CC092F9-9975-F12E-ACD5-FB54324225AB}.Release|Any CPU.ActiveCfg = Release|Any CPU
		{1CC092F9-9975-F12E-ACD5-FB54324225AB}.Release|Any CPU.Build.0 = Release|Any CPU
	EndGlobalSection
	GlobalSection(SolutionProperties) = preSolution
		HideSolutionNode = FALSE
	EndGlobalSection
EndGlobal
