
Microsoft Visual Studio Solution File, Format Version 12.00
# Visual Studio 15
Project("{FAE04EC0-301F-11D3-BF4B-00C04F79EFBC}") = "UnityEngine.SpatialTracking", "UnityEngine.SpatialTracking.csproj", "{7C84BF01-28B3-6AAB-2152-B823C4093819}"
EndProject
Project("{FAE04EC0-301F-11D3-BF4B-00C04F79EFBC}") = "UnityEngine.TestRunner", "UnityEngine.TestRunner.csproj", "{A252ECED-A31B-DE58-D1D7-521C3952EA29}"
EndProject
Project("{FAE04EC0-301F-11D3-BF4B-00C04F79EFBC}") = "UnityEngine.XR.LegacyInputHelpers", "UnityEngine.XR.LegacyInputHelpers.csproj", "{C20EADB3-F263-282B-2A6F-7345B8CCA4AC}"
EndProject
Project("{FAE04EC0-301F-11D3-BF4B-00C04F79EFBC}") = "Unity.Timeline", "Unity.Timeline.csproj", "{2D137397-27BA-62A6-1C25-EDB429F0D061}"
EndProject
Project("{FAE04EC0-301F-11D3-BF4B-00C04F79EFBC}") = "UnityEngine.UI", "UnityEngine.UI.csproj", "{B71F7482-CD2E-3353-DFD9-F1191F401C3D}"
EndProject
Project("{FAE04EC0-301F-11D3-BF4B-00C04F79EFBC}") = "Unity.TextMeshPro", "Unity.TextMeshPro.csproj", "{C3D71689-BE22-CCCC-617B-FD1C780558E6}"
EndProject
Project("{FAE04EC0-301F-11D3-BF4B-00C04F79EFBC}") = "Unity.XR.Management", "Unity.XR.Management.csproj", "{B3F015EA-C9F3-1F97-682F-8FE1383C9D9D}"
EndProject
Project("{FAE04EC0-301F-11D3-BF4B-00C04F79EFBC}") = "Assembly-CSharp", "Assembly-CSharp.csproj", "{16BEE64F-42D5-A624-D99E-8D8327888070}"
EndProject
Project("{FAE04EC0-301F-11D3-BF4B-00C04F79EFBC}") = "Unity.Subsystem.Registration", "Unity.Subsystem.Registration.csproj", "{28F73E2E-336D-C618-1D07-22EF3C3C3385}"
EndProject
Project("{FAE04EC0-301F-11D3-BF4B-00C04F79EFBC}") = "Assembly-CSharp-firstpass", "Assembly-CSharp-firstpass.csproj", "{4975FC36-8FE7-ABCC-1543-BCB95D79139E}"
EndProject
Project("{FAE04EC0-301F-11D3-BF4B-00C04F79EFBC}") = "Unity.XR.Management.Editor", "Unity.XR.Management.Editor.csproj", "{BB97CDE4-72D3-7B9C-D6D8-3AEC9844146B}"
EndProject
Project("{FAE04EC0-301F-11D3-BF4B-00C04F79EFBC}") = "UnityEditor.TestRunner", "UnityEditor.TestRunner.csproj", "{C28B5468-2052-4125-E94C-93F2FBAB44F7}"
EndProject
Project("{FAE04EC0-301F-11D3-BF4B-00C04F79EFBC}") = "Unity.PlasticSCM.Editor", "Unity.PlasticSCM.Editor.csproj", "{0E015E02-E47C-9180-0440-16CBA59868BB}"
EndProject
Project("{FAE04EC0-301F-11D3-BF4B-00C04F79EFBC}") = "UnityEditor.UI", "UnityEditor.UI.csproj", "{FFFC0ADF-CF99-2312-11C4-CC5CAC0519A6}"
EndProject
Project("{FAE04EC0-301F-11D3-BF4B-00C04F79EFBC}") = "Unity.Timeline.Editor", "Unity.Timeline.Editor.csproj", "{E364503F-0C3E-D1A7-BAF9-B1C1BF81DB39}"
EndProject
Project("{FAE04EC0-301F-11D3-BF4B-00C04F79EFBC}") = "Unity.VisualStudio.Editor", "Unity.VisualStudio.Editor.csproj", "{5FFCECD4-349A-C684-D428-068ECD3B6E1A}"
EndProject
Project("{FAE04EC0-301F-11D3-BF4B-00C04F79EFBC}") = "Unity.TextMeshPro.Editor", "Unity.TextMeshPro.Editor.csproj", "{84CC80DE-302E-AA2C-2673-3450A6DFACD1}"
EndProject
Project("{FAE04EC0-301F-11D3-BF4B-00C04F79EFBC}") = "Unity.CollabProxy.Editor", "Unity.CollabProxy.Editor.csproj", "{94841F77-9403-9B01-7C35-9A1BA12744AC}"
EndProject
Project("{FAE04EC0-301F-11D3-BF4B-00C04F79EFBC}") = "Unity.Rider.Editor", "Unity.Rider.Editor.csproj", "{B01CA2EC-43DB-94DD-97F3-55A1621F5801}"
EndProject
Project("{FAE04EC0-301F-11D3-BF4B-00C04F79EFBC}") = "UnityEditor.XR.LegacyInputHelpers", "UnityEditor.XR.LegacyInputHelpers.csproj", "{4AA5C934-8786-5169-C065-752554D0F925}"
EndProject
Project("{FAE04EC0-301F-11D3-BF4B-00C04F79EFBC}") = "Unity.VSCode.Editor", "Unity.VSCode.Editor.csproj", "{7443E7F3-C394-9ABD-9A6B-8F96D49DAC19}"
EndProject
Project("{FAE04EC0-301F-11D3-BF4B-00C04F79EFBC}") = "UnityEditor.SpatialTracking", "UnityEditor.SpatialTracking.csproj", "{A9BEF9EE-563F-6045-A0C8-EE69FC14F31B}"
EndProject
Project("{FAE04EC0-301F-11D3-BF4B-00C04F79EFBC}") = "Assembly-CSharp-Editor", "Assembly-CSharp-Editor.csproj", "{F877CC3B-DA44-A673-9767-EBB29C416576}"
EndProject
Project("{FAE04EC0-301F-11D3-BF4B-00C04F79EFBC}") = "Assembly-CSharp-Editor-firstpass", "Assembly-CSharp-Editor-firstpass.csproj", "{9DE4922C-858A-7481-7721-77705EA062D2}"
EndProject
Project("{FAE04EC0-301F-11D3-BF4B-00C04F79EFBC}") = "UnityEngine.SpatialTracking", "UnityEngine.SpatialTracking.Player.csproj", "{BDE652EC-0EAF-A87C-96CE-A77258F9E9FC}"
EndProject
Project("{FAE04EC0-301F-11D3-BF4B-00C04F79EFBC}") = "UnityEngine.TestRunner", "UnityEngine.TestRunner.Player.csproj", "{A65851B4-D326-F104-6BBE-D8E421C5305E}"
EndProject
Project("{FAE04EC0-301F-11D3-BF4B-00C04F79EFBC}") = "UnityEngine.XR.LegacyInputHelpers", "UnityEngine.XR.LegacyInputHelpers.Player.csproj", "{4B71E466-5F96-6442-F93C-4E7D6A1CE06D}"
EndProject
Project("{FAE04EC0-301F-11D3-BF4B-00C04F79EFBC}") = "Unity.Timeline", "Unity.Timeline.Player.csproj", "{8B7784B5-DDE9-0380-086D-3D7951624FF0}"
EndProject
Project("{FAE04EC0-301F-11D3-BF4B-00C04F79EFBC}") = "UnityEngine.UI", "UnityEngine.UI.Player.csproj", "{6693B6B8-9FB5-20C1-2917-6351C1AAF31C}"
EndProject
Project("{FAE04EC0-301F-11D3-BF4B-00C04F79EFBC}") = "Unity.TextMeshPro", "Unity.TextMeshPro.Player.csproj", "{938C7426-FF03-EFA1-9A4B-70CDAF3F76B8}"
EndProject
Project("{FAE04EC0-301F-11D3-BF4B-00C04F79EFBC}") = "Unity.XR.Management", "Unity.XR.Management.Player.csproj", "{05B213E4-875F-6A5E-D1CA-BF4EF694D8E5}"
EndProject
Project("{FAE04EC0-301F-11D3-BF4B-00C04F79EFBC}") = "Assembly-CSharp", "Assembly-CSharp.Player.csproj", "{BBB9AF09-6F4D-E3B5-715A-A191BE26AA4B}"
EndProject
Project("{FAE04EC0-301F-11D3-BF4B-00C04F79EFBC}") = "Unity.Subsystem.Registration", "Unity.Subsystem.Registration.Player.csproj", "{7B6277BF-A35F-C5EF-E18B-0B9059CF6D7E}"
EndProject
Project("{FAE04EC0-301F-11D3-BF4B-00C04F79EFBC}") = "Assembly-CSharp-firstpass", "Assembly-CSharp-firstpass.Player.csproj", "{3168DD52-E170-FCB7-D75B-E4D08133AD03}"
EndProject
Global
	GlobalSection(SolutionConfigurationPlatforms) = preSolution
		Debug|Any CPU = Debug|Any CPU
		Release|Any CPU = Release|Any CPU
	EndGlobalSection
	GlobalSection(ProjectConfigurationPlatforms) = postSolution
		{7C84BF01-28B3-6AAB-2152-B823C4093819}.Debug|Any CPU.ActiveCfg = Debug|Any CPU
		{7C84BF01-28B3-6AAB-2152-B823C4093819}.Debug|Any CPU.Build.0 = Debug|Any CPU
		{7C84BF01-28B3-6AAB-2152-B823C4093819}.Release|Any CPU.ActiveCfg = Release|Any CPU
		{7C84BF01-28B3-6AAB-2152-B823C4093819}.Release|Any CPU.Build.0 = Release|Any CPU
		{A252ECED-A31B-DE58-D1D7-521C3952EA29}.Debug|Any CPU.ActiveCfg = Debug|Any CPU
		{A252ECED-A31B-DE58-D1D7-521C3952EA29}.Debug|Any CPU.Build.0 = Debug|Any CPU
		{A252ECED-A31B-DE58-D1D7-521C3952EA29}.Release|Any CPU.ActiveCfg = Release|Any CPU
		{A252ECED-A31B-DE58-D1D7-521C3952EA29}.Release|Any CPU.Build.0 = Release|Any CPU
		{C20EADB3-F263-282B-2A6F-7345B8CCA4AC}.Debug|Any CPU.ActiveCfg = Debug|Any CPU
		{C20EADB3-F263-282B-2A6F-7345B8CCA4AC}.Debug|Any CPU.Build.0 = Debug|Any CPU
		{C20EADB3-F263-282B-2A6F-7345B8CCA4AC}.Release|Any CPU.ActiveCfg = Release|Any CPU
		{C20EADB3-F263-282B-2A6F-7345B8CCA4AC}.Release|Any CPU.Build.0 = Release|Any CPU
		{2D137397-27BA-62A6-1C25-EDB429F0D061}.Debug|Any CPU.ActiveCfg = Debug|Any CPU
		{2D137397-27BA-62A6-1C25-EDB429F0D061}.Debug|Any CPU.Build.0 = Debug|Any CPU
		{2D137397-27BA-62A6-1C25-EDB429F0D061}.Release|Any CPU.ActiveCfg = Release|Any CPU
		{2D137397-27BA-62A6-1C25-EDB429F0D061}.Release|Any CPU.Build.0 = Release|Any CPU
		{B71F7482-CD2E-3353-DFD9-F1191F401C3D}.Debug|Any CPU.ActiveCfg = Debug|Any CPU
		{B71F7482-CD2E-3353-DFD9-F1191F401C3D}.Debug|Any CPU.Build.0 = Debug|Any CPU
		{B71F7482-CD2E-3353-DFD9-F1191F401C3D}.Release|Any CPU.ActiveCfg = Release|Any CPU
		{B71F7482-CD2E-3353-DFD9-F1191F401C3D}.Release|Any CPU.Build.0 = Release|Any CPU
		{C3D71689-BE22-CCCC-617B-FD1C780558E6}.Debug|Any CPU.ActiveCfg = Debug|Any CPU
		{C3D71689-BE22-CCCC-617B-FD1C780558E6}.Debug|Any CPU.Build.0 = Debug|Any CPU
		{C3D71689-BE22-CCCC-617B-FD1C780558E6}.Release|Any CPU.ActiveCfg = Release|Any CPU
		{C3D71689-BE22-CCCC-617B-FD1C780558E6}.Release|Any CPU.Build.0 = Release|Any CPU
		{B3F015EA-C9F3-1F97-682F-8FE1383C9D9D}.Debug|Any CPU.ActiveCfg = Debug|Any CPU
		{B3F015EA-C9F3-1F97-682F-8FE1383C9D9D}.Debug|Any CPU.Build.0 = Debug|Any CPU
		{B3F015EA-C9F3-1F97-682F-8FE1383C9D9D}.Release|Any CPU.ActiveCfg = Release|Any CPU
		{B3F015EA-C9F3-1F97-682F-8FE1383C9D9D}.Release|Any CPU.Build.0 = Release|Any CPU
		{16BEE64F-42D5-A624-D99E-8D8327888070}.Debug|Any CPU.ActiveCfg = Debug|Any CPU
		{16BEE64F-42D5-A624-D99E-8D8327888070}.Debug|Any CPU.Build.0 = Debug|Any CPU
		{16BEE64F-42D5-A624-D99E-8D8327888070}.Release|Any CPU.ActiveCfg = Release|Any CPU
		{16BEE64F-42D5-A624-D99E-8D8327888070}.Release|Any CPU.Build.0 = Release|Any CPU
		{28F73E2E-336D-C618-1D07-22EF3C3C3385}.Debug|Any CPU.ActiveCfg = Debug|Any CPU
		{28F73E2E-336D-C618-1D07-22EF3C3C3385}.Debug|Any CPU.Build.0 = Debug|Any CPU
		{28F73E2E-336D-C618-1D07-22EF3C3C3385}.Release|Any CPU.ActiveCfg = Release|Any CPU
		{28F73E2E-336D-C618-1D07-22EF3C3C3385}.Release|Any CPU.Build.0 = Release|Any CPU
		{4975FC36-8FE7-ABCC-1543-BCB95D79139E}.Debug|Any CPU.ActiveCfg = Debug|Any CPU
		{4975FC36-8FE7-ABCC-1543-BCB95D79139E}.Debug|Any CPU.Build.0 = Debug|Any CPU
		{4975FC36-8FE7-ABCC-1543-BCB95D79139E}.Release|Any CPU.ActiveCfg = Release|Any CPU
		{4975FC36-8FE7-ABCC-1543-BCB95D79139E}.Release|Any CPU.Build.0 = Release|Any CPU
		{BB97CDE4-72D3-7B9C-D6D8-3AEC9844146B}.Debug|Any CPU.ActiveCfg = Debug|Any CPU
		{BB97CDE4-72D3-7B9C-D6D8-3AEC9844146B}.Debug|Any CPU.Build.0 = Debug|Any CPU
		{BB97CDE4-72D3-7B9C-D6D8-3AEC9844146B}.Release|Any CPU.ActiveCfg = Release|Any CPU
		{BB97CDE4-72D3-7B9C-D6D8-3AEC9844146B}.Release|Any CPU.Build.0 = Release|Any CPU
		{C28B5468-2052-4125-E94C-93F2FBAB44F7}.Debug|Any CPU.ActiveCfg = Debug|Any CPU
		{C28B5468-2052-4125-E94C-93F2FBAB44F7}.Debug|Any CPU.Build.0 = Debug|Any CPU
		{C28B5468-2052-4125-E94C-93F2FBAB44F7}.Release|Any CPU.ActiveCfg = Release|Any CPU
		{C28B5468-2052-4125-E94C-93F2FBAB44F7}.Release|Any CPU.Build.0 = Release|Any CPU
		{0E015E02-E47C-9180-0440-16CBA59868BB}.Debug|Any CPU.ActiveCfg = Debug|Any CPU
		{0E015E02-E47C-9180-0440-16CBA59868BB}.Debug|Any CPU.Build.0 = Debug|Any CPU
		{0E015E02-E47C-9180-0440-16CBA59868BB}.Release|Any CPU.ActiveCfg = Release|Any CPU
		{0E015E02-E47C-9180-0440-16CBA59868BB}.Release|Any CPU.Build.0 = Release|Any CPU
		{FFFC0ADF-CF99-2312-11C4-CC5CAC0519A6}.Debug|Any CPU.ActiveCfg = Debug|Any CPU
		{FFFC0ADF-CF99-2312-11C4-CC5CAC0519A6}.Debug|Any CPU.Build.0 = Debug|Any CPU
		{FFFC0ADF-CF99-2312-11C4-CC5CAC0519A6}.Release|Any CPU.ActiveCfg = Release|Any CPU
		{FFFC0ADF-CF99-2312-11C4-CC5CAC0519A6}.Release|Any CPU.Build.0 = Release|Any CPU
		{E364503F-0C3E-D1A7-BAF9-B1C1BF81DB39}.Debug|Any CPU.ActiveCfg = Debug|Any CPU
		{E364503F-0C3E-D1A7-BAF9-B1C1BF81DB39}.Debug|Any CPU.Build.0 = Debug|Any CPU
		{E364503F-0C3E-D1A7-BAF9-B1C1BF81DB39}.Release|Any CPU.ActiveCfg = Release|Any CPU
		{E364503F-0C3E-D1A7-BAF9-B1C1BF81DB39}.Release|Any CPU.Build.0 = Release|Any CPU
		{5FFCECD4-349A-C684-D428-068ECD3B6E1A}.Debug|Any CPU.ActiveCfg = Debug|Any CPU
		{5FFCECD4-349A-C684-D428-068ECD3B6E1A}.Debug|Any CPU.Build.0 = Debug|Any CPU
		{5FFCECD4-349A-C684-D428-068ECD3B6E1A}.Release|Any CPU.ActiveCfg = Release|Any CPU
		{5FFCECD4-349A-C684-D428-068ECD3B6E1A}.Release|Any CPU.Build.0 = Release|Any CPU
		{84CC80DE-302E-AA2C-2673-3450A6DFACD1}.Debug|Any CPU.ActiveCfg = Debug|Any CPU
		{84CC80DE-302E-AA2C-2673-3450A6DFACD1}.Debug|Any CPU.Build.0 = Debug|Any CPU
		{84CC80DE-302E-AA2C-2673-3450A6DFACD1}.Release|Any CPU.ActiveCfg = Release|Any CPU
		{84CC80DE-302E-AA2C-2673-3450A6DFACD1}.Release|Any CPU.Build.0 = Release|Any CPU
		{94841F77-9403-9B01-7C35-9A1BA12744AC}.Debug|Any CPU.ActiveCfg = Debug|Any CPU
		{94841F77-9403-9B01-7C35-9A1BA12744AC}.Debug|Any CPU.Build.0 = Debug|Any CPU
		{94841F77-9403-9B01-7C35-9A1BA12744AC}.Release|Any CPU.ActiveCfg = Release|Any CPU
		{94841F77-9403-9B01-7C35-9A1BA12744AC}.Release|Any CPU.Build.0 = Release|Any CPU
		{B01CA2EC-43DB-94DD-97F3-55A1621F5801}.Debug|Any CPU.ActiveCfg = Debug|Any CPU
		{B01CA2EC-43DB-94DD-97F3-55A1621F5801}.Debug|Any CPU.Build.0 = Debug|Any CPU
		{B01CA2EC-43DB-94DD-97F3-55A1621F5801}.Release|Any CPU.ActiveCfg = Release|Any CPU
		{B01CA2EC-43DB-94DD-97F3-55A1621F5801}.Release|Any CPU.Build.0 = Release|Any CPU
		{4AA5C934-8786-5169-C065-752554D0F925}.Debug|Any CPU.ActiveCfg = Debug|Any CPU
		{4AA5C934-8786-5169-C065-752554D0F925}.Debug|Any CPU.Build.0 = Debug|Any CPU
		{4AA5C934-8786-5169-C065-752554D0F925}.Release|Any CPU.ActiveCfg = Release|Any CPU
		{4AA5C934-8786-5169-C065-752554D0F925}.Release|Any CPU.Build.0 = Release|Any CPU
		{7443E7F3-C394-9ABD-9A6B-8F96D49DAC19}.Debug|Any CPU.ActiveCfg = Debug|Any CPU
		{7443E7F3-C394-9ABD-9A6B-8F96D49DAC19}.Debug|Any CPU.Build.0 = Debug|Any CPU
		{7443E7F3-C394-9ABD-9A6B-8F96D49DAC19}.Release|Any CPU.ActiveCfg = Release|Any CPU
		{7443E7F3-C394-9ABD-9A6B-8F96D49DAC19}.Release|Any CPU.Build.0 = Release|Any CPU
		{A9BEF9EE-563F-6045-A0C8-EE69FC14F31B}.Debug|Any CPU.ActiveCfg = Debug|Any CPU
		{A9BEF9EE-563F-6045-A0C8-EE69FC14F31B}.Debug|Any CPU.Build.0 = Debug|Any CPU
		{A9BEF9EE-563F-6045-A0C8-EE69FC14F31B}.Release|Any CPU.ActiveCfg = Release|Any CPU
		{A9BEF9EE-563F-6045-A0C8-EE69FC14F31B}.Release|Any CPU.Build.0 = Release|Any CPU
		{F877CC3B-DA44-A673-9767-EBB29C416576}.Debug|Any CPU.ActiveCfg = Debug|Any CPU
		{F877CC3B-DA44-A673-9767-EBB29C416576}.Debug|Any CPU.Build.0 = Debug|Any CPU
		{F877CC3B-DA44-A673-9767-EBB29C416576}.Release|Any CPU.ActiveCfg = Release|Any CPU
		{F877CC3B-DA44-A673-9767-EBB29C416576}.Release|Any CPU.Build.0 = Release|Any CPU
		{9DE4922C-858A-7481-7721-77705EA062D2}.Debug|Any CPU.ActiveCfg = Debug|Any CPU
		{9DE4922C-858A-7481-7721-77705EA062D2}.Debug|Any CPU.Build.0 = Debug|Any CPU
		{9DE4922C-858A-7481-7721-77705EA062D2}.Release|Any CPU.ActiveCfg = Release|Any CPU
		{9DE4922C-858A-7481-7721-77705EA062D2}.Release|Any CPU.Build.0 = Release|Any CPU
		{BDE652EC-0EAF-A87C-96CE-A77258F9E9FC}.Debug|Any CPU.ActiveCfg = Debug|Any CPU
		{BDE652EC-0EAF-A87C-96CE-A77258F9E9FC}.Debug|Any CPU.Build.0 = Debug|Any CPU
		{BDE652EC-0EAF-A87C-96CE-A77258F9E9FC}.Release|Any CPU.ActiveCfg = Release|Any CPU
		{BDE652EC-0EAF-A87C-96CE-A77258F9E9FC}.Release|Any CPU.Build.0 = Release|Any CPU
		{A65851B4-D326-F104-6BBE-D8E421C5305E}.Debug|Any CPU.ActiveCfg = Debug|Any CPU
		{A65851B4-D326-F104-6BBE-D8E421C5305E}.Debug|Any CPU.Build.0 = Debug|Any CPU
		{A65851B4-D326-F104-6BBE-D8E421C5305E}.Release|Any CPU.ActiveCfg = Release|Any CPU
		{A65851B4-D326-F104-6BBE-D8E421C5305E}.Release|Any CPU.Build.0 = Release|Any CPU
		{4B71E466-5F96-6442-F93C-4E7D6A1CE06D}.Debug|Any CPU.ActiveCfg = Debug|Any CPU
		{4B71E466-5F96-6442-F93C-4E7D6A1CE06D}.Debug|Any CPU.Build.0 = Debug|Any CPU
		{4B71E466-5F96-6442-F93C-4E7D6A1CE06D}.Release|Any CPU.ActiveCfg = Release|Any CPU
		{4B71E466-5F96-6442-F93C-4E7D6A1CE06D}.Release|Any CPU.Build.0 = Release|Any CPU
		{8B7784B5-DDE9-0380-086D-3D7951624FF0}.Debug|Any CPU.ActiveCfg = Debug|Any CPU
		{8B7784B5-DDE9-0380-086D-3D7951624FF0}.Debug|Any CPU.Build.0 = Debug|Any CPU
		{8B7784B5-DDE9-0380-086D-3D7951624FF0}.Release|Any CPU.ActiveCfg = Release|Any CPU
		{8B7784B5-DDE9-0380-086D-3D7951624FF0}.Release|Any CPU.Build.0 = Release|Any CPU
		{6693B6B8-9FB5-20C1-2917-6351C1AAF31C}.Debug|Any CPU.ActiveCfg = Debug|Any CPU
		{6693B6B8-9FB5-20C1-2917-6351C1AAF31C}.Debug|Any CPU.Build.0 = Debug|Any CPU
		{6693B6B8-9FB5-20C1-2917-6351C1AAF31C}.Release|Any CPU.ActiveCfg = Release|Any CPU
		{6693B6B8-9FB5-20C1-2917-6351C1AAF31C}.Release|Any CPU.Build.0 = Release|Any CPU
		{938C7426-FF03-EFA1-9A4B-70CDAF3F76B8}.Debug|Any CPU.ActiveCfg = Debug|Any CPU
		{938C7426-FF03-EFA1-9A4B-70CDAF3F76B8}.Debug|Any CPU.Build.0 = Debug|Any CPU
		{938C7426-FF03-EFA1-9A4B-70CDAF3F76B8}.Release|Any CPU.ActiveCfg = Release|Any CPU
		{938C7426-FF03-EFA1-9A4B-70CDAF3F76B8}.Release|Any CPU.Build.0 = Release|Any CPU
		{05B213E4-875F-6A5E-D1CA-BF4EF694D8E5}.Debug|Any CPU.ActiveCfg = Debug|Any CPU
		{05B213E4-875F-6A5E-D1CA-BF4EF694D8E5}.Debug|Any CPU.Build.0 = Debug|Any CPU
		{05B213E4-875F-6A5E-D1CA-BF4EF694D8E5}.Release|Any CPU.ActiveCfg = Release|Any CPU
		{05B213E4-875F-6A5E-D1CA-BF4EF694D8E5}.Release|Any CPU.Build.0 = Release|Any CPU
		{BBB9AF09-6F4D-E3B5-715A-A191BE26AA4B}.Debug|Any CPU.ActiveCfg = Debug|Any CPU
		{BBB9AF09-6F4D-E3B5-715A-A191BE26AA4B}.Debug|Any CPU.Build.0 = Debug|Any CPU
		{BBB9AF09-6F4D-E3B5-715A-A191BE26AA4B}.Release|Any CPU.ActiveCfg = Release|Any CPU
		{BBB9AF09-6F4D-E3B5-715A-A191BE26AA4B}.Release|Any CPU.Build.0 = Release|Any CPU
		{7B6277BF-A35F-C5EF-E18B-0B9059CF6D7E}.Debug|Any CPU.ActiveCfg = Debug|Any CPU
		{7B6277BF-A35F-C5EF-E18B-0B9059CF6D7E}.Debug|Any CPU.Build.0 = Debug|Any CPU
		{7B6277BF-A35F-C5EF-E18B-0B9059CF6D7E}.Release|Any CPU.ActiveCfg = Release|Any CPU
		{7B6277BF-A35F-C5EF-E18B-0B9059CF6D7E}.Release|Any CPU.Build.0 = Release|Any CPU
		{3168DD52-E170-FCB7-D75B-E4D08133AD03}.Debug|Any CPU.ActiveCfg = Debug|Any CPU
		{3168DD52-E170-FCB7-D75B-E4D08133AD03}.Debug|Any CPU.Build.0 = Debug|Any CPU
		{3168DD52-E170-FCB7-D75B-E4D08133AD03}.Release|Any CPU.ActiveCfg = Release|Any CPU
		{3168DD52-E170-FCB7-D75B-E4D08133AD03}.Release|Any CPU.Build.0 = Release|Any CPU
	EndGlobalSection
	GlobalSection(SolutionProperties) = preSolution
		HideSolutionNode = FALSE
	EndGlobalSection
EndGlobal
